
Microsoft Visual Studio Solution File, Format Version 12.00
# Visual Studio Version 16
VisualStudioVersion = 16.0.29001.49
MinimumVisualStudioVersion = 10.0.40219.1
Project("{FAE04EC0-301F-11D3-BF4B-00C04F79EFBC}") = "EF6-POCO-Generator", "EF6-POCO-Generator\EF6-POCO-Generator.csproj", "{A1BFD62B-EE82-4DCF-83C5-51CBDD5AEEF4}"
EndProject
Project("{FAE04EC0-301F-11D3-BF4B-00C04F79EFBC}") = "EF6-POCO-Generator.SampleOutput", "EF6-POCO-Generator.SampleOutput\EF6-POCO-Generator.SampleOutput.csproj", "{7D35329B-3FC3-442A-A997-5096AAD4F9BD}"
EndProject
Project("{9A19103F-16F7-4668-BE54-9A1E7A4F7556}") = "CodegenCS", "..\CodegenCS\CodegenCS.csproj", "{D645BA8A-5FC7-40DA-ADC7-4EDCB58AADA3}"
EndProject
Global
	GlobalSection(SolutionConfigurationPlatforms) = preSolution
		Debug|Any CPU = Debug|Any CPU
		Release|Any CPU = Release|Any CPU
	EndGlobalSection
	GlobalSection(ProjectConfigurationPlatforms) = postSolution
		{A1BFD62B-EE82-4DCF-83C5-51CBDD5AEEF4}.Debug|Any CPU.ActiveCfg = Debug|Any CPU
		{A1BFD62B-EE82-4DCF-83C5-51CBDD5AEEF4}.Debug|Any CPU.Build.0 = Debug|Any CPU
		{A1BFD62B-EE82-4DCF-83C5-51CBDD5AEEF4}.Release|Any CPU.ActiveCfg = Release|Any CPU
		{A1BFD62B-EE82-4DCF-83C5-51CBDD5AEEF4}.Release|Any CPU.Build.0 = Release|Any CPU
		{7D35329B-3FC3-442A-A997-5096AAD4F9BD}.Debug|Any CPU.ActiveCfg = Debug|Any CPU
		{7D35329B-3FC3-442A-A997-5096AAD4F9BD}.Debug|Any CPU.Build.0 = Debug|Any CPU
		{7D35329B-3FC3-442A-A997-5096AAD4F9BD}.Release|Any CPU.ActiveCfg = Release|Any CPU
		{7D35329B-3FC3-442A-A997-5096AAD4F9BD}.Release|Any CPU.Build.0 = Release|Any CPU
		{D645BA8A-5FC7-40DA-ADC7-4EDCB58AADA3}.Debug|Any CPU.ActiveCfg = Debug|Any CPU
		{D645BA8A-5FC7-40DA-ADC7-4EDCB58AADA3}.Debug|Any CPU.Build.0 = Debug|Any CPU
		{D645BA8A-5FC7-40DA-ADC7-4EDCB58AADA3}.Release|Any CPU.ActiveCfg = Release|Any CPU
		{D645BA8A-5FC7-40DA-ADC7-4EDCB58AADA3}.Release|Any CPU.Build.0 = Release|Any CPU
	EndGlobalSection
	GlobalSection(SolutionProperties) = preSolution
		HideSolutionNode = FALSE
	EndGlobalSection
	GlobalSection(ExtensibilityGlobals) = postSolution
		SolutionGuid = {598336D9-42F1-45B6-ABB7-28646EB8B523}
	EndGlobalSection
EndGlobal
