
Microsoft Visual Studio Solution File, Format Version 12.00
# Visual Studio Version 16
VisualStudioVersion = 16.0.31729.503
MinimumVisualStudioVersion = 10.0.40219.1
Project("{9A19103F-16F7-4668-BE54-9A1E7A4F7556}") = "SampleSourceGenerator", "SampleSourceGenerator\SampleSourceGenerator.csproj", "{E52001F8-6149-4FCE-91C0-61E23409641E}"
EndProject
Project("{9A19103F-16F7-4668-BE54-9A1E7A4F7556}") = "SampleSourceGenerator.Test", "SampleSourceGenerator.Test\SampleSourceGenerator.Test.csproj", "{7EA43911-07A0-4649-A9FD-7306CEDB1548}"
EndProject
Global
	GlobalSection(SolutionConfigurationPlatforms) = preSolution
		Debug|Any CPU = Debug|Any CPU
		Release|Any CPU = Release|Any CPU
	EndGlobalSection
	GlobalSection(ProjectConfigurationPlatforms) = postSolution
		{E52001F8-6149-4FCE-91C0-61E23409641E}.Debug|Any CPU.ActiveCfg = Debug|Any CPU
		{E52001F8-6149-4FCE-91C0-61E23409641E}.Debug|Any CPU.Build.0 = Debug|Any CPU
		{E52001F8-6149-4FCE-91C0-61E23409641E}.Release|Any CPU.ActiveCfg = Release|Any CPU
		{E52001F8-6149-4FCE-91C0-61E23409641E}.Release|Any CPU.Build.0 = Release|Any CPU
		{7EA43911-07A0-4649-A9FD-7306CEDB1548}.Debug|Any CPU.ActiveCfg = Debug|Any CPU
		{7EA43911-07A0-4649-A9FD-7306CEDB1548}.Debug|Any CPU.Build.0 = Debug|Any CPU
		{7EA43911-07A0-4649-A9FD-7306CEDB1548}.Release|Any CPU.ActiveCfg = Release|Any CPU
		{7EA43911-07A0-4649-A9FD-7306CEDB1548}.Release|Any CPU.Build.0 = Release|Any CPU
	EndGlobalSection
	GlobalSection(SolutionProperties) = preSolution
		HideSolutionNode = FALSE
	EndGlobalSection
	GlobalSection(ExtensibilityGlobals) = postSolution
		SolutionGuid = {209E4034-1A38-4F77-BE42-633895EEDE10}
	EndGlobalSection
EndGlobal
