
Microsoft Visual Studio Solution File, Format Version 12.00
# Visual Studio Version 17
VisualStudioVersion = 17.10.35004.147
MinimumVisualStudioVersion = 10.0.40219.1
Project("{9A19103F-16F7-4668-BE54-9A1E7A4F7556}") = "PrebuildEvent", "PrebuildEvent\PrebuildEvent.csproj", "{424690F8-6A32-4F55-AE30-27382CA8E156}"
EndProject
Project("{9A19103F-16F7-4668-BE54-9A1E7A4F7556}") = "SourceGenerator1", "SourceGenerator1\SourceGenerator1.csproj", "{1A821DDA-D746-45B7-8CE4-FECD0E91026C}"
EndProject
Project("{9A19103F-16F7-4668-BE54-9A1E7A4F7556}") = "SourceGenerator2", "SourceGenerator2\SourceGenerator2.csproj", "{95CEB879-FECE-44E4-B570-9DC219C82549}"
EndProject
Global
	GlobalSection(SolutionConfigurationPlatforms) = preSolution
		Debug|Any CPU = Debug|Any CPU
		Release|Any CPU = Release|Any CPU
	EndGlobalSection
	GlobalSection(ProjectConfigurationPlatforms) = postSolution
		{424690F8-6A32-4F55-AE30-27382CA8E156}.Debug|Any CPU.ActiveCfg = Debug|Any CPU
		{424690F8-6A32-4F55-AE30-27382CA8E156}.Debug|Any CPU.Build.0 = Debug|Any CPU
		{424690F8-6A32-4F55-AE30-27382CA8E156}.Release|Any CPU.ActiveCfg = Release|Any CPU
		{424690F8-6A32-4F55-AE30-27382CA8E156}.Release|Any CPU.Build.0 = Release|Any CPU
		{1A821DDA-D746-45B7-8CE4-FECD0E91026C}.Debug|Any CPU.ActiveCfg = Debug|Any CPU
		{1A821DDA-D746-45B7-8CE4-FECD0E91026C}.Debug|Any CPU.Build.0 = Debug|Any CPU
		{1A821DDA-D746-45B7-8CE4-FECD0E91026C}.Release|Any CPU.ActiveCfg = Release|Any CPU
		{1A821DDA-D746-45B7-8CE4-FECD0E91026C}.Release|Any CPU.Build.0 = Release|Any CPU
		{95CEB879-FECE-44E4-B570-9DC219C82549}.Debug|Any CPU.ActiveCfg = Debug|Any CPU
		{95CEB879-FECE-44E4-B570-9DC219C82549}.Debug|Any CPU.Build.0 = Debug|Any CPU
		{95CEB879-FECE-44E4-B570-9DC219C82549}.Release|Any CPU.ActiveCfg = Release|Any CPU
		{95CEB879-FECE-44E4-B570-9DC219C82549}.Release|Any CPU.Build.0 = Release|Any CPU
	EndGlobalSection
	GlobalSection(SolutionProperties) = preSolution
		HideSolutionNode = FALSE
	EndGlobalSection
	GlobalSection(ExtensibilityGlobals) = postSolution
		SolutionGuid = {3CF751CB-E4EE-4AFB-A0D2-4687AEDC0B2C}
	EndGlobalSection
EndGlobal
