
Microsoft Visual Studio Solution File, Format Version 12.00
# Visual Studio Version 17
VisualStudioVersion = 17.2.32505.173
MinimumVisualStudioVersion = 10.0.40219.1
Project("{9A19103F-16F7-4668-BE54-9A1E7A4F7556}") = "CodegenCS.Core", "Core\CodegenCS\CodegenCS.Core.csproj", "{51DE0970-E84D-4F96-AE80-BC17E28B2736}"
EndProject
Project("{9A19103F-16F7-4668-BE54-9A1E7A4F7556}") = "CodegenCS.Tests", "Core\CodegenCS.Tests\CodegenCS.Tests.csproj", "{B035062F-1F6D-470B-8FB7-46F77A6A6E9B}"
EndProject
Project("{9A19103F-16F7-4668-BE54-9A1E7A4F7556}") = "CodegenCS.Models.DbSchema", "Models\CodegenCS.Models.DbSchema\CodegenCS.Models.DbSchema.csproj", "{8B3282F8-0080-4526-8ECE-45346BEB1D20}"
EndProject
Project("{9A19103F-16F7-4668-BE54-9A1E7A4F7556}") = "CodegenCS.Models.DbSchema.Extractor", "Models\CodegenCS.Models.DbSchema.Extractor\CodegenCS.Models.DbSchema.Extractor.csproj", "{280C1697-59E5-4A63-9D82-AB01EAD3297C}"
EndProject
Project("{9A19103F-16F7-4668-BE54-9A1E7A4F7556}") = "dotnet-codegencs", "Tools\dotnet-codegencs\dotnet-codegencs.csproj", "{A6A1521F-B4D8-4A93-B5F1-B23FC844F019}"
EndProject
Project("{9A19103F-16F7-4668-BE54-9A1E7A4F7556}") = "CodegenCS.Tools.TemplateBuilder", "Tools\TemplateBuilder\CodegenCS.Tools.TemplateBuilder.csproj", "{20234722-DC8F-4B0D-B12A-3DF606D181DA}"
EndProject
Project("{9A19103F-16F7-4668-BE54-9A1E7A4F7556}") = "CodegenCS.Tools.TemplateLauncher", "Tools\TemplateLauncher\CodegenCS.Tools.TemplateLauncher.csproj", "{82DF9B4A-88AB-4A98-AF7C-DE21FDCDA13B}"
EndProject
Project("{2150E333-8FDC-42A3-9474-1A3956D46DE8}") = "VisualStudio", "VisualStudio", "{05433D5A-DACD-4DB2-8498-B325DAF4972D}"
EndProject
Project("{FAE04EC0-301F-11D3-BF4B-00C04F79EFBC}") = "VS2022Extension", "VisualStudio\VS2022Extension\VS2022Extension.csproj", "{2901BAEA-168E-45FB-8714-4299D605F789}"
EndProject
Project("{2150E333-8FDC-42A3-9474-1A3956D46DE8}") = "Solution Items", "Solution Items", "{F23C0124-9B89-4AD5-98BB-64E4732D665E}"
	ProjectSection(SolutionItems) = preProject
		.editorconfig = .editorconfig
	EndProjectSection
EndProject
Project("{9A19103F-16F7-4668-BE54-9A1E7A4F7556}") = "CodegenCS.Tools.TemplateDownloader", "Tools\TemplateDownloader\CodegenCS.Tools.TemplateDownloader.csproj", "{C02EEB5C-BC31-4313-8FBE-37748A6A4E37}"
EndProject
Project("{2150E333-8FDC-42A3-9474-1A3956D46DE8}") = "Core", "Core", "{91BD35EC-39D1-4D9E-BFAA-FB062F46E84F}"
EndProject
Project("{2150E333-8FDC-42A3-9474-1A3956D46DE8}") = "Models", "Models", "{FC913A61-41B5-49AE-AC94-6D3354265E0B}"
EndProject
Project("{2150E333-8FDC-42A3-9474-1A3956D46DE8}") = "Tools", "Tools", "{E1BBD88F-8EAD-48D0-9E7B-9DD894C4D00F}"
EndProject
Project("{9A19103F-16F7-4668-BE54-9A1E7A4F7556}") = "CodegenCS.Models", "Core\CodegenCS.Models\CodegenCS.Models.csproj", "{21F897CA-25A6-49F8-95A0-A191AACC2B2C}"
EndProject
Project("{9A19103F-16F7-4668-BE54-9A1E7A4F7556}") = "CodegenCS.Runtime", "Core\CodegenCS.Runtime\CodegenCS.Runtime.csproj", "{3A765F42-3C03-4C1C-9A03-B490EA94911B}"
EndProject
Project("{9A19103F-16F7-4668-BE54-9A1E7A4F7556}") = "CodegenCS.DotNet", "Core\CodegenCS.DotNet\CodegenCS.DotNet.csproj", "{7E79D7A5-B919-48B0-B5E9-620BE086B399}"
EndProject
Project("{9A19103F-16F7-4668-BE54-9A1E7A4F7556}") = "CodegenCS.Models.NSwagAdapter", "Models\CodegenCS.Models.NSwagAdapter\CodegenCS.Models.NSwagAdapter.csproj", "{684AB71F-4D08-4D72-8161-67ECDAF440EC}"
EndProject
Project("{9A19103F-16F7-4668-BE54-9A1E7A4F7556}") = "CodegenCS.Runtime.VisualStudio", "VisualStudio\CodegenCS.Runtime.VisualStudio\CodegenCS.Runtime.VisualStudio.csproj", "{B215C658-BB4A-4D79-A105-2D7DB415FCF8}"
EndProject
Global
	GlobalSection(SolutionConfigurationPlatforms) = preSolution
		Debug|Any CPU = Debug|Any CPU
		Release|Any CPU = Release|Any CPU
	EndGlobalSection
	GlobalSection(ProjectConfigurationPlatforms) = postSolution
		{51DE0970-E84D-4F96-AE80-BC17E28B2736}.Debug|Any CPU.ActiveCfg = Debug|Any CPU
		{51DE0970-E84D-4F96-AE80-BC17E28B2736}.Debug|Any CPU.Build.0 = Debug|Any CPU
		{51DE0970-E84D-4F96-AE80-BC17E28B2736}.Release|Any CPU.ActiveCfg = Release|Any CPU
		{51DE0970-E84D-4F96-AE80-BC17E28B2736}.Release|Any CPU.Build.0 = Release|Any CPU
		{B035062F-1F6D-470B-8FB7-46F77A6A6E9B}.Debug|Any CPU.ActiveCfg = Debug|Any CPU
		{B035062F-1F6D-470B-8FB7-46F77A6A6E9B}.Debug|Any CPU.Build.0 = Debug|Any CPU
		{B035062F-1F6D-470B-8FB7-46F77A6A6E9B}.Release|Any CPU.ActiveCfg = Release|Any CPU
		{B035062F-1F6D-470B-8FB7-46F77A6A6E9B}.Release|Any CPU.Build.0 = Release|Any CPU
		{8B3282F8-0080-4526-8ECE-45346BEB1D20}.Debug|Any CPU.ActiveCfg = Debug|Any CPU
		{8B3282F8-0080-4526-8ECE-45346BEB1D20}.Debug|Any CPU.Build.0 = Debug|Any CPU
		{8B3282F8-0080-4526-8ECE-45346BEB1D20}.Release|Any CPU.ActiveCfg = Release|Any CPU
		{8B3282F8-0080-4526-8ECE-45346BEB1D20}.Release|Any CPU.Build.0 = Release|Any CPU
		{280C1697-59E5-4A63-9D82-AB01EAD3297C}.Debug|Any CPU.ActiveCfg = Debug|Any CPU
		{280C1697-59E5-4A63-9D82-AB01EAD3297C}.Debug|Any CPU.Build.0 = Debug|Any CPU
		{280C1697-59E5-4A63-9D82-AB01EAD3297C}.Release|Any CPU.ActiveCfg = Release|Any CPU
		{280C1697-59E5-4A63-9D82-AB01EAD3297C}.Release|Any CPU.Build.0 = Release|Any CPU
		{A6A1521F-B4D8-4A93-B5F1-B23FC844F019}.Debug|Any CPU.ActiveCfg = Debug|Any CPU
		{A6A1521F-B4D8-4A93-B5F1-B23FC844F019}.Debug|Any CPU.Build.0 = Debug|Any CPU
		{A6A1521F-B4D8-4A93-B5F1-B23FC844F019}.Release|Any CPU.ActiveCfg = Release|Any CPU
		{A6A1521F-B4D8-4A93-B5F1-B23FC844F019}.Release|Any CPU.Build.0 = Release|Any CPU
		{20234722-DC8F-4B0D-B12A-3DF606D181DA}.Debug|Any CPU.ActiveCfg = Debug|Any CPU
		{20234722-DC8F-4B0D-B12A-3DF606D181DA}.Debug|Any CPU.Build.0 = Debug|Any CPU
		{20234722-DC8F-4B0D-B12A-3DF606D181DA}.Release|Any CPU.ActiveCfg = Release|Any CPU
		{20234722-DC8F-4B0D-B12A-3DF606D181DA}.Release|Any CPU.Build.0 = Release|Any CPU
		{82DF9B4A-88AB-4A98-AF7C-DE21FDCDA13B}.Debug|Any CPU.ActiveCfg = Debug|Any CPU
		{82DF9B4A-88AB-4A98-AF7C-DE21FDCDA13B}.Debug|Any CPU.Build.0 = Debug|Any CPU
		{82DF9B4A-88AB-4A98-AF7C-DE21FDCDA13B}.Release|Any CPU.ActiveCfg = Release|Any CPU
		{82DF9B4A-88AB-4A98-AF7C-DE21FDCDA13B}.Release|Any CPU.Build.0 = Release|Any CPU
		{2901BAEA-168E-45FB-8714-4299D605F789}.Debug|Any CPU.ActiveCfg = Debug|Any CPU
		{2901BAEA-168E-45FB-8714-4299D605F789}.Debug|Any CPU.Build.0 = Debug|Any CPU
		{2901BAEA-168E-45FB-8714-4299D605F789}.Release|Any CPU.ActiveCfg = Release|Any CPU
		{2901BAEA-168E-45FB-8714-4299D605F789}.Release|Any CPU.Build.0 = Release|Any CPU
		{C02EEB5C-BC31-4313-8FBE-37748A6A4E37}.Debug|Any CPU.ActiveCfg = Debug|Any CPU
		{C02EEB5C-BC31-4313-8FBE-37748A6A4E37}.Debug|Any CPU.Build.0 = Debug|Any CPU
		{C02EEB5C-BC31-4313-8FBE-37748A6A4E37}.Release|Any CPU.ActiveCfg = Release|Any CPU
		{C02EEB5C-BC31-4313-8FBE-37748A6A4E37}.Release|Any CPU.Build.0 = Release|Any CPU
		{21F897CA-25A6-49F8-95A0-A191AACC2B2C}.Debug|Any CPU.ActiveCfg = Debug|Any CPU
		{21F897CA-25A6-49F8-95A0-A191AACC2B2C}.Debug|Any CPU.Build.0 = Debug|Any CPU
		{21F897CA-25A6-49F8-95A0-A191AACC2B2C}.Release|Any CPU.ActiveCfg = Release|Any CPU
		{21F897CA-25A6-49F8-95A0-A191AACC2B2C}.Release|Any CPU.Build.0 = Release|Any CPU
		{3A765F42-3C03-4C1C-9A03-B490EA94911B}.Debug|Any CPU.ActiveCfg = Debug|Any CPU
		{3A765F42-3C03-4C1C-9A03-B490EA94911B}.Debug|Any CPU.Build.0 = Debug|Any CPU
		{3A765F42-3C03-4C1C-9A03-B490EA94911B}.Release|Any CPU.ActiveCfg = Release|Any CPU
		{3A765F42-3C03-4C1C-9A03-B490EA94911B}.Release|Any CPU.Build.0 = Release|Any CPU
		{7E79D7A5-B919-48B0-B5E9-620BE086B399}.Debug|Any CPU.ActiveCfg = Debug|Any CPU
		{7E79D7A5-B919-48B0-B5E9-620BE086B399}.Debug|Any CPU.Build.0 = Debug|Any CPU
		{7E79D7A5-B919-48B0-B5E9-620BE086B399}.Release|Any CPU.ActiveCfg = Release|Any CPU
		{7E79D7A5-B919-48B0-B5E9-620BE086B399}.Release|Any CPU.Build.0 = Release|Any CPU
		{684AB71F-4D08-4D72-8161-67ECDAF440EC}.Debug|Any CPU.ActiveCfg = Debug|Any CPU
		{684AB71F-4D08-4D72-8161-67ECDAF440EC}.Debug|Any CPU.Build.0 = Debug|Any CPU
		{684AB71F-4D08-4D72-8161-67ECDAF440EC}.Release|Any CPU.ActiveCfg = Release|Any CPU
		{684AB71F-4D08-4D72-8161-67ECDAF440EC}.Release|Any CPU.Build.0 = Release|Any CPU
		{B215C658-BB4A-4D79-A105-2D7DB415FCF8}.Debug|Any CPU.ActiveCfg = Debug|Any CPU
		{B215C658-BB4A-4D79-A105-2D7DB415FCF8}.Debug|Any CPU.Build.0 = Debug|Any CPU
		{B215C658-BB4A-4D79-A105-2D7DB415FCF8}.Release|Any CPU.ActiveCfg = Release|Any CPU
		{B215C658-BB4A-4D79-A105-2D7DB415FCF8}.Release|Any CPU.Build.0 = Release|Any CPU
	EndGlobalSection
	GlobalSection(SolutionProperties) = preSolution
		HideSolutionNode = FALSE
	EndGlobalSection
	GlobalSection(NestedProjects) = preSolution
		{51DE0970-E84D-4F96-AE80-BC17E28B2736} = {91BD35EC-39D1-4D9E-BFAA-FB062F46E84F}
		{B035062F-1F6D-470B-8FB7-46F77A6A6E9B} = {91BD35EC-39D1-4D9E-BFAA-FB062F46E84F}
		{8B3282F8-0080-4526-8ECE-45346BEB1D20} = {FC913A61-41B5-49AE-AC94-6D3354265E0B}
		{280C1697-59E5-4A63-9D82-AB01EAD3297C} = {FC913A61-41B5-49AE-AC94-6D3354265E0B}
		{A6A1521F-B4D8-4A93-B5F1-B23FC844F019} = {E1BBD88F-8EAD-48D0-9E7B-9DD894C4D00F}
		{20234722-DC8F-4B0D-B12A-3DF606D181DA} = {E1BBD88F-8EAD-48D0-9E7B-9DD894C4D00F}
		{82DF9B4A-88AB-4A98-AF7C-DE21FDCDA13B} = {E1BBD88F-8EAD-48D0-9E7B-9DD894C4D00F}
		{2901BAEA-168E-45FB-8714-4299D605F789} = {05433D5A-DACD-4DB2-8498-B325DAF4972D}
		{C02EEB5C-BC31-4313-8FBE-37748A6A4E37} = {E1BBD88F-8EAD-48D0-9E7B-9DD894C4D00F}
		{21F897CA-25A6-49F8-95A0-A191AACC2B2C} = {91BD35EC-39D1-4D9E-BFAA-FB062F46E84F}
		{3A765F42-3C03-4C1C-9A03-B490EA94911B} = {91BD35EC-39D1-4D9E-BFAA-FB062F46E84F}
		{7E79D7A5-B919-48B0-B5E9-620BE086B399} = {91BD35EC-39D1-4D9E-BFAA-FB062F46E84F}
		{684AB71F-4D08-4D72-8161-67ECDAF440EC} = {FC913A61-41B5-49AE-AC94-6D3354265E0B}
		{B215C658-BB4A-4D79-A105-2D7DB415FCF8} = {05433D5A-DACD-4DB2-8498-B325DAF4972D}
	EndGlobalSection
	GlobalSection(ExtensibilityGlobals) = postSolution
		SolutionGuid = {AB589EF0-8B1A-4791-A8B5-F3ED178AF34F}
	EndGlobalSection
EndGlobal
