
Microsoft Visual Studio Solution File, Format Version 12.00
# Visual Studio Version 16
VisualStudioVersion = 16.0.29001.49
MinimumVisualStudioVersion = 10.0.40219.1
Project("{9A19103F-16F7-4668-BE54-9A1E7A4F7556}") = "CodegenCS", "CodegenCS\CodegenCS.csproj", "{51DE0970-E84D-4F96-AE80-BC17E28B2736}"
EndProject
Project("{9A19103F-16F7-4668-BE54-9A1E7A4F7556}") = "CodegenCS.Tests", "CodegenCS.Tests\CodegenCS.Tests.csproj", "{B035062F-1F6D-470B-8FB7-46F77A6A6E9B}"
EndProject
Project("{9A19103F-16F7-4668-BE54-9A1E7A4F7556}") = "CodegenCS.SqlServer", "CodegenCS.SqlServer\CodegenCS.SqlServer.csproj", "{8B3282F8-0080-4526-8ECE-45346BEB1D20}"
EndProject
Project("{9A19103F-16F7-4668-BE54-9A1E7A4F7556}") = "CodegenCS.POCO", "CodegenCS.POCO\CodegenCS.POCO.csproj", "{9C699A0F-EA09-4831-A082-5CE6618B7DFF}"
EndProject
Global
	GlobalSection(SolutionConfigurationPlatforms) = preSolution
		Debug|Any CPU = Debug|Any CPU
		Release|Any CPU = Release|Any CPU
	EndGlobalSection
	GlobalSection(ProjectConfigurationPlatforms) = postSolution
		{51DE0970-E84D-4F96-AE80-BC17E28B2736}.Debug|Any CPU.ActiveCfg = Debug|Any CPU
		{51DE0970-E84D-4F96-AE80-BC17E28B2736}.Debug|Any CPU.Build.0 = Debug|Any CPU
		{51DE0970-E84D-4F96-AE80-BC17E28B2736}.Release|Any CPU.ActiveCfg = Release|Any CPU
		{51DE0970-E84D-4F96-AE80-BC17E28B2736}.Release|Any CPU.Build.0 = Release|Any CPU
		{B035062F-1F6D-470B-8FB7-46F77A6A6E9B}.Debug|Any CPU.ActiveCfg = Debug|Any CPU
		{B035062F-1F6D-470B-8FB7-46F77A6A6E9B}.Debug|Any CPU.Build.0 = Debug|Any CPU
		{B035062F-1F6D-470B-8FB7-46F77A6A6E9B}.Release|Any CPU.ActiveCfg = Release|Any CPU
		{B035062F-1F6D-470B-8FB7-46F77A6A6E9B}.Release|Any CPU.Build.0 = Release|Any CPU
		{8B3282F8-0080-4526-8ECE-45346BEB1D20}.Debug|Any CPU.ActiveCfg = Debug|Any CPU
		{8B3282F8-0080-4526-8ECE-45346BEB1D20}.Debug|Any CPU.Build.0 = Debug|Any CPU
		{8B3282F8-0080-4526-8ECE-45346BEB1D20}.Release|Any CPU.ActiveCfg = Release|Any CPU
		{8B3282F8-0080-4526-8ECE-45346BEB1D20}.Release|Any CPU.Build.0 = Release|Any CPU
		{9C699A0F-EA09-4831-A082-5CE6618B7DFF}.Debug|Any CPU.ActiveCfg = Debug|Any CPU
		{9C699A0F-EA09-4831-A082-5CE6618B7DFF}.Debug|Any CPU.Build.0 = Debug|Any CPU
		{9C699A0F-EA09-4831-A082-5CE6618B7DFF}.Release|Any CPU.ActiveCfg = Release|Any CPU
		{9C699A0F-EA09-4831-A082-5CE6618B7DFF}.Release|Any CPU.Build.0 = Release|Any CPU
	EndGlobalSection
	GlobalSection(SolutionProperties) = preSolution
		HideSolutionNode = FALSE
	EndGlobalSection
	GlobalSection(ExtensibilityGlobals) = postSolution
		SolutionGuid = {AB589EF0-8B1A-4791-A8B5-F3ED178AF34F}
	EndGlobalSection
EndGlobal
